
Microsoft Visual Studio Solution File, Format Version 12.00
# Visual Studio Version 17
VisualStudioVersion = 17.5.33516.290
MinimumVisualStudioVersion = 10.0.40219.1
Project("{FAE04EC0-301F-11D3-BF4B-00C04F79EFBC}") = "BookCatalogue", "BookCatalogue\BookCatalogue.csproj", "{9BB0D98C-429A-42EB-998B-A9303AE06EEC}"
EndProject
Project("{FAE04EC0-301F-11D3-BF4B-00C04F79EFBC}") = "TestBookCatalogue", "TestBookCatalogue\TestBookCatalogue.csproj", "{A5AA6DD7-1077-44AE-9A38-8CEDBA6DAAD9}"
EndProject
Global
	GlobalSection(SolutionConfigurationPlatforms) = preSolution
		Debug|Any CPU = Debug|Any CPU
		Release|Any CPU = Release|Any CPU
	EndGlobalSection
	GlobalSection(ProjectConfigurationPlatforms) = postSolution
		{9BB0D98C-429A-42EB-998B-A9303AE06EEC}.Debug|Any CPU.ActiveCfg = Debug|Any CPU
		{9BB0D98C-429A-42EB-998B-A9303AE06EEC}.Debug|Any CPU.Build.0 = Debug|Any CPU
		{9BB0D98C-429A-42EB-998B-A9303AE06EEC}.Release|Any CPU.ActiveCfg = Release|Any CPU
		{9BB0D98C-429A-42EB-998B-A9303AE06EEC}.Release|Any CPU.Build.0 = Release|Any CPU
		{A5AA6DD7-1077-44AE-9A38-8CEDBA6DAAD9}.Debug|Any CPU.ActiveCfg = Debug|Any CPU
		{A5AA6DD7-1077-44AE-9A38-8CEDBA6DAAD9}.Debug|Any CPU.Build.0 = Debug|Any CPU
		{A5AA6DD7-1077-44AE-9A38-8CEDBA6DAAD9}.Release|Any CPU.ActiveCfg = Release|Any CPU
		{A5AA6DD7-1077-44AE-9A38-8CEDBA6DAAD9}.Release|Any CPU.Build.0 = Release|Any CPU
	EndGlobalSection
	GlobalSection(SolutionProperties) = preSolution
		HideSolutionNode = FALSE
	EndGlobalSection
	GlobalSection(ExtensibilityGlobals) = postSolution
		SolutionGuid = {6D7269BF-4578-4EE1-AD09-E1DB1E7BAFE1}
	EndGlobalSection
EndGlobal
